
Microsoft Visual Studio Solution File, Format Version 12.00
# Visual Studio Version 17
VisualStudioVersion = 17.10.34804.81
MinimumVisualStudioVersion = 10.0.40219.1
Project("{FAE04EC0-301F-11D3-BF4B-00C04F79EFBC}") = "Week14OOP", "Week14OOP\Week14OOP.csproj", "{F5EF9355-6E7B-4962-A5A7-B4B7DD09CCD2}"
EndProject
Global
	GlobalSection(SolutionConfigurationPlatforms) = preSolution
		Debug|Any CPU = Debug|Any CPU
		Release|Any CPU = Release|Any CPU
	EndGlobalSection
	GlobalSection(ProjectConfigurationPlatforms) = postSolution
		{F5EF9355-6E7B-4962-A5A7-B4B7DD09CCD2}.Debug|Any CPU.ActiveCfg = Debug|Any CPU
		{F5EF9355-6E7B-4962-A5A7-B4B7DD09CCD2}.Debug|Any CPU.Build.0 = Debug|Any CPU
		{F5EF9355-6E7B-4962-A5A7-B4B7DD09CCD2}.Release|Any CPU.ActiveCfg = Release|Any CPU
		{F5EF9355-6E7B-4962-A5A7-B4B7DD09CCD2}.Release|Any CPU.Build.0 = Release|Any CPU
	EndGlobalSection
	GlobalSection(SolutionProperties) = preSolution
		HideSolutionNode = FALSE
	EndGlobalSection
	GlobalSection(ExtensibilityGlobals) = postSolution
		SolutionGuid = {0B032212-7162-40FB-92A4-DF5A333E26E6}
	EndGlobalSection
EndGlobal
